// !$*UTF8*$!
{
	archiveVersion = 1;
	classes = {
	};
	objectVersion = 48;
	objects = {

/* Begin PBXBuildFile section */
		FF014F4420865C9B009A6C35 /* CustomTextField.swift in Sources */ = {isa = PBXBuildFile; fileRef = FF014F4320865C9B009A6C35 /* CustomTextField.swift */; };
		FF24CBAC2052DDBD00005A4C /* Item.swift in Sources */ = {isa = PBXBuildFile; fileRef = FF24CBAB2052DDBD00005A4C /* Item.swift */; };
		FF2B95662052BB03007321FA /* AppDelegate.swift in Sources */ = {isa = PBXBuildFile; fileRef = FF2B95652052BB03007321FA /* AppDelegate.swift */; };
		FF2B956B2052BB03007321FA /* Main.storyboard in Resources */ = {isa = PBXBuildFile; fileRef = FF2B95692052BB03007321FA /* Main.storyboard */; };
		FF2B956D2052BB03007321FA /* Assets.xcassets in Resources */ = {isa = PBXBuildFile; fileRef = FF2B956C2052BB03007321FA /* Assets.xcassets */; };
		FF2B95702052BB03007321FA /* LaunchScreen.storyboard in Resources */ = {isa = PBXBuildFile; fileRef = FF2B956E2052BB03007321FA /* LaunchScreen.storyboard */; };
		FF2B957B2052BB03007321FA /* HomepwnerTests.swift in Sources */ = {isa = PBXBuildFile; fileRef = FF2B957A2052BB03007321FA /* HomepwnerTests.swift */; };
		FF2B95862052BB03007321FA /* HomepwnerUITests.swift in Sources */ = {isa = PBXBuildFile; fileRef = FF2B95852052BB03007321FA /* HomepwnerUITests.swift */; };
		FF3909F320809A7A00DA6E00 /* DetailViewController.swift in Sources */ = {isa = PBXBuildFile; fileRef = FF3909F220809A7A00DA6E00 /* DetailViewController.swift */; };
		FF728A212052BF8D0011A0DA /* ItemsViewController.swift in Sources */ = {isa = PBXBuildFile; fileRef = FF728A202052BF8D0011A0DA /* ItemsViewController.swift */; };
		FFA55BC3208662B20070FBE2 /* DateCreatedViewController.swift in Sources */ = {isa = PBXBuildFile; fileRef = FFA55BC2208662B20070FBE2 /* DateCreatedViewController.swift */; };
		FFCA972B208A437500140AD5 /* ImageView.swift in Sources */ = {isa = PBXBuildFile; fileRef = FFCA972A208A437500140AD5 /* ImageView.swift */; };
		FFD6530B207487A5003DFC56 /* ItemCell.swift in Sources */ = {isa = PBXBuildFile; fileRef = FFD6530A207487A5003DFC56 /* ItemCell.swift */; };
		FFD8AC052062BD86003FF039 /* ItemStore.swift in Sources */ = {isa = PBXBuildFile; fileRef = FFD8AC042062BD86003FF039 /* ItemStore.swift */; };
/* End PBXBuildFile section */

/* Begin PBXContainerItemProxy section */
		FF2B95772052BB03007321FA /* PBXContainerItemProxy */ = {
			isa = PBXContainerItemProxy;
			containerPortal = FF2B955A2052BB03007321FA /* Project object */;
			proxyType = 1;
			remoteGlobalIDString = FF2B95612052BB03007321FA;
			remoteInfo = Homepwner;
		};
		FF2B95822052BB03007321FA /* PBXContainerItemProxy */ = {
			isa = PBXContainerItemProxy;
			containerPortal = FF2B955A2052BB03007321FA /* Project object */;
			proxyType = 1;
			remoteGlobalIDString = FF2B95612052BB03007321FA;
			remoteInfo = Homepwner;
		};
/* End PBXContainerItemProxy section */

/* Begin PBXFileReference section */
		FF014F4320865C9B009A6C35 /* CustomTextField.swift */ = {isa = PBXFileReference; lastKnownFileType = sourcecode.swift; path = CustomTextField.swift; sourceTree = "<group>"; };
		FF24CBAB2052DDBD00005A4C /* Item.swift */ = {isa = PBXFileReference; lastKnownFileType = sourcecode.swift; path = Item.swift; sourceTree = "<group>"; };
		FF2B95622052BB03007321FA /* Homepwner.app */ = {isa = PBXFileReference; explicitFileType = wrapper.application; includeInIndex = 0; path = Homepwner.app; sourceTree = BUILT_PRODUCTS_DIR; };
		FF2B95652052BB03007321FA /* AppDelegate.swift */ = {isa = PBXFileReference; lastKnownFileType = sourcecode.swift; path = AppDelegate.swift; sourceTree = "<group>"; };
		FF2B956A2052BB03007321FA /* Base */ = {isa = PBXFileReference; lastKnownFileType = file.storyboard; name = Base; path = Base.lproj/Main.storyboard; sourceTree = "<group>"; };
		FF2B956C2052BB03007321FA /* Assets.xcassets */ = {isa = PBXFileReference; lastKnownFileType = folder.assetcatalog; path = Assets.xcassets; sourceTree = "<group>"; };
		FF2B956F2052BB03007321FA /* Base */ = {isa = PBXFileReference; lastKnownFileType = file.storyboard; name = Base; path = Base.lproj/LaunchScreen.storyboard; sourceTree = "<group>"; };
		FF2B95712052BB03007321FA /* Info.plist */ = {isa = PBXFileReference; lastKnownFileType = text.plist.xml; path = Info.plist; sourceTree = "<group>"; };
		FF2B95762052BB03007321FA /* HomepwnerTests.xctest */ = {isa = PBXFileReference; explicitFileType = wrapper.cfbundle; includeInIndex = 0; path = HomepwnerTests.xctest; sourceTree = BUILT_PRODUCTS_DIR; };
		FF2B957A2052BB03007321FA /* HomepwnerTests.swift */ = {isa = PBXFileReference; lastKnownFileType = sourcecode.swift; path = HomepwnerTests.swift; sourceTree = "<group>"; };
		FF2B957C2052BB03007321FA /* Info.plist */ = {isa = PBXFileReference; lastKnownFileType = text.plist.xml; path = Info.plist; sourceTree = "<group>"; };
		FF2B95812052BB03007321FA /* HomepwnerUITests.xctest */ = {isa = PBXFileReference; explicitFileType = wrapper.cfbundle; includeInIndex = 0; path = HomepwnerUITests.xctest; sourceTree = BUILT_PRODUCTS_DIR; };
		FF2B95852052BB03007321FA /* HomepwnerUITests.swift */ = {isa = PBXFileReference; lastKnownFileType = sourcecode.swift; path = HomepwnerUITests.swift; sourceTree = "<group>"; };
		FF2B95872052BB03007321FA /* Info.plist */ = {isa = PBXFileReference; lastKnownFileType = text.plist.xml; path = Info.plist; sourceTree = "<group>"; };
		FF3909F220809A7A00DA6E00 /* DetailViewController.swift */ = {isa = PBXFileReference; lastKnownFileType = sourcecode.swift; path = DetailViewController.swift; sourceTree = "<group>"; };
		FF728A202052BF8D0011A0DA /* ItemsViewController.swift */ = {isa = PBXFileReference; lastKnownFileType = sourcecode.swift; path = ItemsViewController.swift; sourceTree = "<group>"; };
		FFA55BC2208662B20070FBE2 /* DateCreatedViewController.swift */ = {isa = PBXFileReference; lastKnownFileType = sourcecode.swift; path = DateCreatedViewController.swift; sourceTree = "<group>"; };
		FFCA972A208A437500140AD5 /* ImageView.swift */ = {isa = PBXFileReference; lastKnownFileType = sourcecode.swift; path = ImageView.swift; sourceTree = "<group>"; };
		FFD6530A207487A5003DFC56 /* ItemCell.swift */ = {isa = PBXFileReference; lastKnownFileType = sourcecode.swift; path = ItemCell.swift; sourceTree = "<group>"; };
		FFD8AC042062BD86003FF039 /* ItemStore.swift */ = {isa = PBXFileReference; lastKnownFileType = sourcecode.swift; path = ItemStore.swift; sourceTree = "<group>"; };
/* End PBXFileReference section */

/* Begin PBXFrameworksBuildPhase section */
		FF2B955F2052BB03007321FA /* Frameworks */ = {
			isa = PBXFrameworksBuildPhase;
			buildActionMask = 2147483647;
			files = (
			);
			runOnlyForDeploymentPostprocessing = 0;
		};
		FF2B95732052BB03007321FA /* Frameworks */ = {
			isa = PBXFrameworksBuildPhase;
			buildActionMask = 2147483647;
			files = (
			);
			runOnlyForDeploymentPostprocessing = 0;
		};
		FF2B957E2052BB03007321FA /* Frameworks */ = {
			isa = PBXFrameworksBuildPhase;
			buildActionMask = 2147483647;
			files = (
			);
			runOnlyForDeploymentPostprocessing = 0;
		};
/* End PBXFrameworksBuildPhase section */

/* Begin PBXGroup section */
		FF2B95592052BB03007321FA = {
			isa = PBXGroup;
			children = (
				FF2B95642052BB03007321FA /* Homepwner */,
				FF2B95792052BB03007321FA /* HomepwnerTests */,
				FF2B95842052BB03007321FA /* HomepwnerUITests */,
				FF2B95632052BB03007321FA /* Products */,
			);
			sourceTree = "<group>";
		};
		FF2B95632052BB03007321FA /* Products */ = {
			isa = PBXGroup;
			children = (
				FF2B95622052BB03007321FA /* Homepwner.app */,
				FF2B95762052BB03007321FA /* HomepwnerTests.xctest */,
				FF2B95812052BB03007321FA /* HomepwnerUITests.xctest */,
			);
			name = Products;
			sourceTree = "<group>";
		};
		FF2B95642052BB03007321FA /* Homepwner */ = {
			isa = PBXGroup;
			children = (
				FF2B95652052BB03007321FA /* AppDelegate.swift */,
				FF2B95692052BB03007321FA /* Main.storyboard */,
				FF2B956C2052BB03007321FA /* Assets.xcassets */,
				FF2B956E2052BB03007321FA /* LaunchScreen.storyboard */,
				FF2B95712052BB03007321FA /* Info.plist */,
				FF728A202052BF8D0011A0DA /* ItemsViewController.swift */,
				FF24CBAB2052DDBD00005A4C /* Item.swift */,
				FFD8AC042062BD86003FF039 /* ItemStore.swift */,
				FFD6530A207487A5003DFC56 /* ItemCell.swift */,
				FF3909F220809A7A00DA6E00 /* DetailViewController.swift */,
				FF014F4320865C9B009A6C35 /* CustomTextField.swift */,
				FFA55BC2208662B20070FBE2 /* DateCreatedViewController.swift */,
				FFCA972A208A437500140AD5 /* ImageView.swift */,
			);
			path = Homepwner;
			sourceTree = "<group>";
		};
		FF2B95792052BB03007321FA /* HomepwnerTests */ = {
			isa = PBXGroup;
			children = (
				FF2B957A2052BB03007321FA /* HomepwnerTests.swift */,
				FF2B957C2052BB03007321FA /* Info.plist */,
			);
			path = HomepwnerTests;
			sourceTree = "<group>";
		};
		FF2B95842052BB03007321FA /* HomepwnerUITests */ = {
			isa = PBXGroup;
			children = (
				FF2B95852052BB03007321FA /* HomepwnerUITests.swift */,
				FF2B95872052BB03007321FA /* Info.plist */,
			);
			path = HomepwnerUITests;
			sourceTree = "<group>";
		};
/* End PBXGroup section */

/* Begin PBXNativeTarget section */
		FF2B95612052BB03007321FA /* Homepwner */ = {
			isa = PBXNativeTarget;
			buildConfigurationList = FF2B958A2052BB03007321FA /* Build configuration list for PBXNativeTarget "Homepwner" */;
			buildPhases = (
				FF2B955E2052BB03007321FA /* Sources */,
				FF2B955F2052BB03007321FA /* Frameworks */,
				FF2B95602052BB03007321FA /* Resources */,
			);
			buildRules = (
			);
			dependencies = (
			);
			name = Homepwner;
			productName = Homepwner;
			productReference = FF2B95622052BB03007321FA /* Homepwner.app */;
			productType = "com.apple.product-type.application";
		};
		FF2B95752052BB03007321FA /* HomepwnerTests */ = {
			isa = PBXNativeTarget;
			buildConfigurationList = FF2B958D2052BB03007321FA /* Build configuration list for PBXNativeTarget "HomepwnerTests" */;
			buildPhases = (
				FF2B95722052BB03007321FA /* Sources */,
				FF2B95732052BB03007321FA /* Frameworks */,
				FF2B95742052BB03007321FA /* Resources */,
			);
			buildRules = (
			);
			dependencies = (
				FF2B95782052BB03007321FA /* PBXTargetDependency */,
			);
			name = HomepwnerTests;
			productName = HomepwnerTests;
			productReference = FF2B95762052BB03007321FA /* HomepwnerTests.xctest */;
			productType = "com.apple.product-type.bundle.unit-test";
		};
		FF2B95802052BB03007321FA /* HomepwnerUITests */ = {
			isa = PBXNativeTarget;
			buildConfigurationList = FF2B95902052BB03007321FA /* Build configuration list for PBXNativeTarget "HomepwnerUITests" */;
			buildPhases = (
				FF2B957D2052BB03007321FA /* Sources */,
				FF2B957E2052BB03007321FA /* Frameworks */,
				FF2B957F2052BB03007321FA /* Resources */,
			);
			buildRules = (
			);
			dependencies = (
				FF2B95832052BB03007321FA /* PBXTargetDependency */,
			);
			name = HomepwnerUITests;
			productName = HomepwnerUITests;
			productReference = FF2B95812052BB03007321FA /* HomepwnerUITests.xctest */;
			productType = "com.apple.product-type.bundle.ui-testing";
		};
/* End PBXNativeTarget section */

/* Begin PBXProject section */
		FF2B955A2052BB03007321FA /* Project object */ = {
			isa = PBXProject;
			attributes = {
				LastSwiftUpdateCheck = 0920;
				LastUpgradeCheck = 0920;
				ORGANIZATIONNAME = "Van Anh";
				TargetAttributes = {
					FF2B95612052BB03007321FA = {
						CreatedOnToolsVersion = 9.2;
						ProvisioningStyle = Automatic;
					};
					FF2B95752052BB03007321FA = {
						CreatedOnToolsVersion = 9.2;
						ProvisioningStyle = Automatic;
						TestTargetID = FF2B95612052BB03007321FA;
					};
					FF2B95802052BB03007321FA = {
						CreatedOnToolsVersion = 9.2;
						ProvisioningStyle = Automatic;
						TestTargetID = FF2B95612052BB03007321FA;
					};
				};
			};
			buildConfigurationList = FF2B955D2052BB03007321FA /* Build configuration list for PBXProject "Homepwner" */;
			compatibilityVersion = "Xcode 8.0";
			developmentRegion = en;
			hasScannedForEncodings = 0;
			knownRegions = (
				en,
				Base,
			);
			mainGroup = FF2B95592052BB03007321FA;
			productRefGroup = FF2B95632052BB03007321FA /* Products */;
			projectDirPath = "";
			projectRoot = "";
			targets = (
				FF2B95612052BB03007321FA /* Homepwner */,
				FF2B95752052BB03007321FA /* HomepwnerTests */,
				FF2B95802052BB03007321FA /* HomepwnerUITests */,
			);
		};
/* End PBXProject section */

/* Begin PBXResourcesBuildPhase section */
		FF2B95602052BB03007321FA /* Resources */ = {
			isa = PBXResourcesBuildPhase;
			buildActionMask = 2147483647;
			files = (
				FF2B95702052BB03007321FA /* LaunchScreen.storyboard in Resources */,
				FF2B956D2052BB03007321FA /* Assets.xcassets in Resources */,
				FF2B956B2052BB03007321FA /* Main.storyboard in Resources */,
			);
			runOnlyForDeploymentPostprocessing = 0;
		};
		FF2B95742052BB03007321FA /* Resources */ = {
			isa = PBXResourcesBuildPhase;
			buildActionMask = 2147483647;
			files = (
			);
			runOnlyForDeploymentPostprocessing = 0;
		};
		FF2B957F2052BB03007321FA /* Resources */ = {
			isa = PBXResourcesBuildPhase;
			buildActionMask = 2147483647;
			files = (
			);
			runOnlyForDeploymentPostprocessing = 0;
		};
/* End PBXResourcesBuildPhase section */

/* Begin PBXSourcesBuildPhase section */
		FF2B955E2052BB03007321FA /* Sources */ = {
			isa = PBXSourcesBuildPhase;
			buildActionMask = 2147483647;
			files = (
				FF014F4420865C9B009A6C35 /* CustomTextField.swift in Sources */,
				FF728A212052BF8D0011A0DA /* ItemsViewController.swift in Sources */,
				FF24CBAC2052DDBD00005A4C /* Item.swift in Sources */,
				FFD8AC052062BD86003FF039 /* ItemStore.swift in Sources */,
				FF3909F320809A7A00DA6E00 /* DetailViewController.swift in Sources */,
				FF2B95662052BB03007321FA /* AppDelegate.swift in Sources */,
				FFCA972B208A437500140AD5 /* ImageView.swift in Sources */,
				FFD6530B207487A5003DFC56 /* ItemCell.swift in Sources */,
				FFA55BC3208662B20070FBE2 /* DateCreatedViewController.swift in Sources */,
			);
			runOnlyForDeploymentPostprocessing = 0;
		};
		FF2B95722052BB03007321FA /* Sources */ = {
			isa = PBXSourcesBuildPhase;
			buildActionMask = 2147483647;
			files = (
				FF2B957B2052BB03007321FA /* HomepwnerTests.swift in Sources */,
			);
			runOnlyForDeploymentPostprocessing = 0;
		};
		FF2B957D2052BB03007321FA /* Sources */ = {
			isa = PBXSourcesBuildPhase;
			buildActionMask = 2147483647;
			files = (
				FF2B95862052BB03007321FA /* HomepwnerUITests.swift in Sources */,
			);
			runOnlyForDeploymentPostprocessing = 0;
		};
/* End PBXSourcesBuildPhase section */

/* Begin PBXTargetDependency section */
		FF2B95782052BB03007321FA /* PBXTargetDependency */ = {
			isa = PBXTargetDependency;
			target = FF2B95612052BB03007321FA /* Homepwner */;
			targetProxy = FF2B95772052BB03007321FA /* PBXContainerItemProxy */;
		};
		FF2B95832052BB03007321FA /* PBXTargetDependency */ = {
			isa = PBXTargetDependency;
			target = FF2B95612052BB03007321FA /* Homepwner */;
			targetProxy = FF2B95822052BB03007321FA /* PBXContainerItemProxy */;
		};
/* End PBXTargetDependency section */

/* Begin PBXVariantGroup section */
		FF2B95692052BB03007321FA /* Main.storyboard */ = {
			isa = PBXVariantGroup;
			children = (
				FF2B956A2052BB03007321FA /* Base */,
			);
			name = Main.storyboard;
			sourceTree = "<group>";
		};
		FF2B956E2052BB03007321FA /* LaunchScreen.storyboard */ = {
			isa = PBXVariantGroup;
			children = (
				FF2B956F2052BB03007321FA /* Base */,
			);
			name = LaunchScreen.storyboard;
			sourceTree = "<group>";
		};
/* End PBXVariantGroup section */

/* Begin XCBuildConfiguration section */
		FF2B95882052BB03007321FA /* Debug */ = {
			isa = XCBuildConfiguration;
			buildSettings = {
				ALWAYS_SEARCH_USER_PATHS = NO;
				CLANG_ANALYZER_NONNULL = YES;
				CLANG_ANALYZER_NUMBER_OBJECT_CONVERSION = YES_AGGRESSIVE;
				CLANG_CXX_LANGUAGE_STANDARD = "gnu++14";
				CLANG_CXX_LIBRARY = "libc++";
				CLANG_ENABLE_MODULES = YES;
				CLANG_ENABLE_OBJC_ARC = YES;
				CLANG_WARN_BLOCK_CAPTURE_AUTORELEASING = YES;
				CLANG_WARN_BOOL_CONVERSION = YES;
				CLANG_WARN_COMMA = YES;
				CLANG_WARN_CONSTANT_CONVERSION = YES;
				CLANG_WARN_DIRECT_OBJC_ISA_USAGE = YES_ERROR;
				CLANG_WARN_DOCUMENTATION_COMMENTS = YES;
				CLANG_WARN_EMPTY_BODY = YES;
				CLANG_WARN_ENUM_CONVERSION = YES;
				CLANG_WARN_INFINITE_RECURSION = YES;
				CLANG_WARN_INT_CONVERSION = YES;
				CLANG_WARN_NON_LITERAL_NULL_CONVERSION = YES;
				CLANG_WARN_OBJC_LITERAL_CONVERSION = YES;
				CLANG_WARN_OBJC_ROOT_CLASS = YES_ERROR;
				CLANG_WARN_RANGE_LOOP_ANALYSIS = YES;
				CLANG_WARN_STRICT_PROTOTYPES = YES;
				CLANG_WARN_SUSPICIOUS_MOVE = YES;
				CLANG_WARN_UNGUARDED_AVAILABILITY = YES_AGGRESSIVE;
				CLANG_WARN_UNREACHABLE_CODE = YES;
				CLANG_WARN__DUPLICATE_METHOD_MATCH = YES;
				CODE_SIGN_IDENTITY = "iPhone Developer";
				COPY_PHASE_STRIP = NO;
				DEBUG_INFORMATION_FORMAT = dwarf;
				ENABLE_STRICT_OBJC_MSGSEND = YES;
				ENABLE_TESTABILITY = YES;
				GCC_C_LANGUAGE_STANDARD = gnu11;
				GCC_DYNAMIC_NO_PIC = NO;
				GCC_NO_COMMON_BLOCKS = YES;
				GCC_OPTIMIZATION_LEVEL = 0;
				GCC_PREPROCESSOR_DEFINITIONS = (
					"DEBUG=1",
					"$(inherited)",
				);
				GCC_WARN_64_TO_32_BIT_CONVERSION = YES;
				GCC_WARN_ABOUT_RETURN_TYPE = YES_ERROR;
				GCC_WARN_UNDECLARED_SELECTOR = YES;
				GCC_WARN_UNINITIALIZED_AUTOS = YES_AGGRESSIVE;
				GCC_WARN_UNUSED_FUNCTION = YES;
				GCC_WARN_UNUSED_VARIABLE = YES;
				IPHONEOS_DEPLOYMENT_TARGET = 11.2;
				MTL_ENABLE_DEBUG_INFO = YES;
				ONLY_ACTIVE_ARCH = YES;
				SDKROOT = iphoneos;
				SWIFT_ACTIVE_COMPILATION_CONDITIONS = DEBUG;
				SWIFT_OPTIMIZATION_LEVEL = "-Onone";
			};
			name = Debug;
		};
		FF2B95892052BB03007321FA /* Release */ = {
			isa = XCBuildConfiguration;
			buildSettings = {
				ALWAYS_SEARCH_USER_PATHS = NO;
				CLANG_ANALYZER_NONNULL = YES;
				CLANG_ANALYZER_NUMBER_OBJECT_CONVERSION = YES_AGGRESSIVE;
				CLANG_CXX_LANGUAGE_STANDARD = "gnu++14";
				CLANG_CXX_LIBRARY = "libc++";
				CLANG_ENABLE_MODULES = YES;
				CLANG_ENABLE_OBJC_ARC = YES;
				CLANG_WARN_BLOCK_CAPTURE_AUTORELEASING = YES;
				CLANG_WARN_BOOL_CONVERSION = YES;
				CLANG_WARN_COMMA = YES;
				CLANG_WARN_CONSTANT_CONVERSION = YES;
				CLANG_WARN_DIRECT_OBJC_ISA_USAGE = YES_ERROR;
				CLANG_WARN_DOCUMENTATION_COMMENTS = YES;
				CLANG_WARN_EMPTY_BODY = YES;
				CLANG_WARN_ENUM_CONVERSION = YES;
				CLANG_WARN_INFINITE_RECURSION = YES;
				CLANG_WARN_INT_CONVERSION = YES;
				CLANG_WARN_NON_LITERAL_NULL_CONVERSION = YES;
				CLANG_WARN_OBJC_LITERAL_CONVERSION = YES;
				CLANG_WARN_OBJC_ROOT_CLASS = YES_ERROR;
				CLANG_WARN_RANGE_LOOP_ANALYSIS = YES;
				CLANG_WARN_STRICT_PROTOTYPES = YES;
				CLANG_WARN_SUSPICIOUS_MOVE = YES;
				CLANG_WARN_UNGUARDED_AVAILABILITY = YES_AGGRESSIVE;
				CLANG_WARN_UNREACHABLE_CODE = YES;
				CLANG_WARN__DUPLICATE_METHOD_MATCH = YES;
				CODE_SIGN_IDENTITY = "iPhone Developer";
				COPY_PHASE_STRIP = NO;
				DEBUG_INFORMATION_FORMAT = "dwarf-with-dsym";
				ENABLE_NS_ASSERTIONS = NO;
				ENABLE_STRICT_OBJC_MSGSEND = YES;
				GCC_C_LANGUAGE_STANDARD = gnu11;
				GCC_NO_COMMON_BLOCKS = YES;
				GCC_WARN_64_TO_32_BIT_CONVERSION = YES;
				GCC_WARN_ABOUT_RETURN_TYPE = YES_ERROR;
				GCC_WARN_UNDECLARED_SELECTOR = YES;
				GCC_WARN_UNINITIALIZED_AUTOS = YES_AGGRESSIVE;
				GCC_WARN_UNUSED_FUNCTION = YES;
				GCC_WARN_UNUSED_VARIABLE = YES;
				IPHONEOS_DEPLOYMENT_TARGET = 11.2;
				MTL_ENABLE_DEBUG_INFO = NO;
				SDKROOT = iphoneos;
				SWIFT_OPTIMIZATION_LEVEL = "-Owholemodule";
				VALIDATE_PRODUCT = YES;
			};
			name = Release;
		};
		FF2B958B2052BB03007321FA /* Debug */ = {
			isa = XCBuildConfiguration;
			buildSettings = {
				ASSETCATALOG_COMPILER_APPICON_NAME = AppIcon;
				CODE_SIGN_STYLE = Automatic;
				INFOPLIST_FILE = Homepwner/Info.plist;
				LD_RUNPATH_SEARCH_PATHS = "$(inherited) @executable_path/Frameworks";
				PRODUCT_BUNDLE_IDENTIFIER = Anh.LearnIOS.Homepwner;
				PRODUCT_NAME = "$(TARGET_NAME)";
				SWIFT_VERSION = 4.0;
				TARGETED_DEVICE_FAMILY = "1,2";
			};
			name = Debug;
		};
		FF2B958C2052BB03007321FA /* Release */ = {
			isa = XCBuildConfiguration;
			buildSettings = {
				ASSETCATALOG_COMPILER_APPICON_NAME = AppIcon;
				CODE_SIGN_STYLE = Automatic;
				INFOPLIST_FILE = Homepwner/Info.plist;
				LD_RUNPATH_SEARCH_PATHS = "$(inherited) @executable_path/Frameworks";
				PRODUCT_BUNDLE_IDENTIFIER = Anh.LearnIOS.Homepwner;
				PRODUCT_NAME = "$(TARGET_NAME)";
				SWIFT_VERSION = 4.0;
				TARGETED_DEVICE_FAMILY = "1,2";
			};
			name = Release;
		};
		FF2B958E2052BB03007321FA /* Debug */ = {
			isa = XCBuildConfiguration;
			buildSettings = {
				ALWAYS_EMBED_SWIFT_STANDARD_LIBRARIES = YES;
				BUNDLE_LOADER = "$(TEST_HOST)";
				CODE_SIGN_STYLE = Automatic;
				INFOPLIST_FILE = HomepwnerTests/Info.plist;
				LD_RUNPATH_SEARCH_PATHS = "$(inherited) @executable_path/Frameworks @loader_path/Frameworks";
				PRODUCT_BUNDLE_IDENTIFIER = Anh.LearnIOS.HomepwnerTests;
				PRODUCT_NAME = "$(TARGET_NAME)";
				SWIFT_VERSION = 4.0;
				TARGETED_DEVICE_FAMILY = "1,2";
				TEST_HOST = "$(BUILT_PRODUCTS_DIR)/Homepwner.app/Homepwner";
			};
			name = Debug;
		};
		FF2B958F2052BB03007321FA /* Release */ = {
			isa = XCBuildConfiguration;
			buildSettings = {
				ALWAYS_EMBED_SWIFT_STANDARD_LIBRARIES = YES;
				BUNDLE_LOADER = "$(TEST_HOST)";
				CODE_SIGN_STYLE = Automatic;
				INFOPLIST_FILE = HomepwnerTests/Info.plist;
				LD_RUNPATH_SEARCH_PATHS = "$(inherited) @executable_path/Frameworks @loader_path/Frameworks";
				PRODUCT_BUNDLE_IDENTIFIER = Anh.LearnIOS.HomepwnerTests;
				PRODUCT_NAME = "$(TARGET_NAME)";
				SWIFT_VERSION = 4.0;
				TARGETED_DEVICE_FAMILY = "1,2";
				TEST_HOST = "$(BUILT_PRODUCTS_DIR)/Homepwner.app/Homepwner";
			};
			name = Release;
		};
		FF2B95912052BB03007321FA /* Debug */ = {
			isa = XCBuildConfiguration;
			buildSettings = {
				ALWAYS_EMBED_SWIFT_STANDARD_LIBRARIES = YES;
				CODE_SIGN_STYLE = Automatic;
				INFOPLIST_FILE = HomepwnerUITests/Info.plist;
				LD_RUNPATH_SEARCH_PATHS = "$(inherited) @executable_path/Frameworks @loader_path/Frameworks";
				PRODUCT_BUNDLE_IDENTIFIER = Anh.LearnIOS.HomepwnerUITests;
				PRODUCT_NAME = "$(TARGET_NAME)";
				SWIFT_VERSION = 4.0;
				TARGETED_DEVICE_FAMILY = "1,2";
				TEST_TARGET_NAME = Homepwner;
			};
			name = Debug;
		};
		FF2B95922052BB03007321FA /* Release */ = {
			isa = XCBuildConfiguration;
			buildSettings = {
				ALWAYS_EMBED_SWIFT_STANDARD_LIBRARIES = YES;
				CODE_SIGN_STYLE = Automatic;
				INFOPLIST_FILE = HomepwnerUITests/Info.plist;
				LD_RUNPATH_SEARCH_PATHS = "$(inherited) @executable_path/Frameworks @loader_path/Frameworks";
				PRODUCT_BUNDLE_IDENTIFIER = Anh.LearnIOS.HomepwnerUITests;
				PRODUCT_NAME = "$(TARGET_NAME)";
				SWIFT_VERSION = 4.0;
				TARGETED_DEVICE_FAMILY = "1,2";
				TEST_TARGET_NAME = Homepwner;
			};
			name = Release;
		};
/* End XCBuildConfiguration section */

/* Begin XCConfigurationList section */
		FF2B955D2052BB03007321FA /* Build configuration list for PBXProject "Homepwner" */ = {
			isa = XCConfigurationList;
			buildConfigurations = (
				FF2B95882052BB03007321FA /* Debug */,
				FF2B95892052BB03007321FA /* Release */,
			);
			defaultConfigurationIsVisible = 0;
			defaultConfigurationName = Release;
		};
		FF2B958A2052BB03007321FA /* Build configuration list for PBXNativeTarget "Homepwner" */ = {
			isa = XCConfigurationList;
			buildConfigurations = (
				FF2B958B2052BB03007321FA /* Debug */,
				FF2B958C2052BB03007321FA /* Release */,
			);
			defaultConfigurationIsVisible = 0;
			defaultConfigurationName = Release;
		};
		FF2B958D2052BB03007321FA /* Build configuration list for PBXNativeTarget "HomepwnerTests" */ = {
			isa = XCConfigurationList;
			buildConfigurations = (
				FF2B958E2052BB03007321FA /* Debug */,
				FF2B958F2052BB03007321FA /* Release */,
			);
			defaultConfigurationIsVisible = 0;
			defaultConfigurationName = Release;
		};
		FF2B95902052BB03007321FA /* Build configuration list for PBXNativeTarget "HomepwnerUITests" */ = {
			isa = XCConfigurationList;
			buildConfigurations = (
				FF2B95912052BB03007321FA /* Debug */,
				FF2B95922052BB03007321FA /* Release */,
			);
			defaultConfigurationIsVisible = 0;
			defaultConfigurationName = Release;
		};
/* End XCConfigurationList section */
	};
	rootObject = FF2B955A2052BB03007321FA /* Project object */;
}
